
Microsoft Visual Studio Solution File, Format Version 12.00
# Visual Studio 15
VisualStudioVersion = 15.0.27428.2027
MinimumVisualStudioVersion = 10.0.40219.1
Project("{FAE04EC0-301F-11D3-BF4B-00C04F79EFBC}") = "play-a-turn", "tsuro\play-a-turn.csproj", "{593B8EBA-D5E2-4E8B-8DE0-F010B2F5CE6C}"
EndProject
Project("{FAE04EC0-301F-11D3-BF4B-00C04F79EFBC}") = "TsuroLibrary", "ClassLibrary1\TsuroLibrary.csproj", "{F7ACBC6E-7D47-4165-9020-8210C7F990FB}"
EndProject
Project("{FAE04EC0-301F-11D3-BF4B-00C04F79EFBC}") = "TsuroTests", "UnitTestProject1\TsuroTests.csproj", "{2AC001FA-8229-49BC-BD54-6814C5B38A10}"
EndProject
Project("{FAE04EC0-301F-11D3-BF4B-00C04F79EFBC}") = "network-player", "network-player\network-player.csproj", "{0CA1C361-B263-425E-A75B-E59AC5CBF614}"
EndProject
Global
	GlobalSection(SolutionConfigurationPlatforms) = preSolution
		Debug|Any CPU = Debug|Any CPU
		Release|Any CPU = Release|Any CPU
	EndGlobalSection
	GlobalSection(ProjectConfigurationPlatforms) = postSolution
		{593B8EBA-D5E2-4E8B-8DE0-F010B2F5CE6C}.Debug|Any CPU.ActiveCfg = Debug|Any CPU
		{593B8EBA-D5E2-4E8B-8DE0-F010B2F5CE6C}.Debug|Any CPU.Build.0 = Debug|Any CPU
		{593B8EBA-D5E2-4E8B-8DE0-F010B2F5CE6C}.Release|Any CPU.ActiveCfg = Release|Any CPU
		{593B8EBA-D5E2-4E8B-8DE0-F010B2F5CE6C}.Release|Any CPU.Build.0 = Release|Any CPU
		{F7ACBC6E-7D47-4165-9020-8210C7F990FB}.Debug|Any CPU.ActiveCfg = Debug|Any CPU
		{F7ACBC6E-7D47-4165-9020-8210C7F990FB}.Debug|Any CPU.Build.0 = Debug|Any CPU
		{F7ACBC6E-7D47-4165-9020-8210C7F990FB}.Release|Any CPU.ActiveCfg = Release|Any CPU
		{F7ACBC6E-7D47-4165-9020-8210C7F990FB}.Release|Any CPU.Build.0 = Release|Any CPU
		{2AC001FA-8229-49BC-BD54-6814C5B38A10}.Debug|Any CPU.ActiveCfg = Debug|Any CPU
		{2AC001FA-8229-49BC-BD54-6814C5B38A10}.Debug|Any CPU.Build.0 = Debug|Any CPU
		{2AC001FA-8229-49BC-BD54-6814C5B38A10}.Release|Any CPU.ActiveCfg = Release|Any CPU
		{2AC001FA-8229-49BC-BD54-6814C5B38A10}.Release|Any CPU.Build.0 = Release|Any CPU
		{0CA1C361-B263-425E-A75B-E59AC5CBF614}.Debug|Any CPU.ActiveCfg = Debug|Any CPU
		{0CA1C361-B263-425E-A75B-E59AC5CBF614}.Debug|Any CPU.Build.0 = Debug|Any CPU
		{0CA1C361-B263-425E-A75B-E59AC5CBF614}.Release|Any CPU.ActiveCfg = Release|Any CPU
		{0CA1C361-B263-425E-A75B-E59AC5CBF614}.Release|Any CPU.Build.0 = Release|Any CPU
	EndGlobalSection
	GlobalSection(SolutionProperties) = preSolution
		HideSolutionNode = FALSE
	EndGlobalSection
	GlobalSection(ExtensibilityGlobals) = postSolution
		SolutionGuid = {31AB2117-6372-4E6B-976C-9D489398DE6C}
	EndGlobalSection
EndGlobal
